// !$*UTF8*$!
{
	archiveVersion = 1;
	classes = {
	};
	objectVersion = 51;
	objects = {

/* Begin PBXBuildFile section */
		809013D124900A1F00FD4767 /* String+Random.swift in Sources */ = {isa = PBXBuildFile; fileRef = 809013D024900A1F00FD4767 /* String+Random.swift */; };
		80A4556B24887C9200B9D8B7 /* AppDelegate.swift in Sources */ = {isa = PBXBuildFile; fileRef = 80A4556A24887C9200B9D8B7 /* AppDelegate.swift */; };
		80A4556D24887C9200B9D8B7 /* SceneDelegate.swift in Sources */ = {isa = PBXBuildFile; fileRef = 80A4556C24887C9200B9D8B7 /* SceneDelegate.swift */; };
		80A4556F24887C9200B9D8B7 /* JoinViewController.swift in Sources */ = {isa = PBXBuildFile; fileRef = 80A4556E24887C9200B9D8B7 /* JoinViewController.swift */; };
		80A4557224887C9200B9D8B7 /* Main.storyboard in Resources */ = {isa = PBXBuildFile; fileRef = 80A4557024887C9200B9D8B7 /* Main.storyboard */; };
		80A4557424887C9700B9D8B7 /* Assets.xcassets in Resources */ = {isa = PBXBuildFile; fileRef = 80A4557324887C9700B9D8B7 /* Assets.xcassets */; };
		80A4557724887C9700B9D8B7 /* LaunchScreen.storyboard in Resources */ = {isa = PBXBuildFile; fileRef = 80A4557524887C9700B9D8B7 /* LaunchScreen.storyboard */; };
		80A9AD4B24902C1F002B421F /* UserViewController.swift in Sources */ = {isa = PBXBuildFile; fileRef = 80A9AD4A24902C1F002B421F /* UserViewController.swift */; };
		80A9AD4D24904DFF002B421F /* JoinViewController+Views.swift in Sources */ = {isa = PBXBuildFile; fileRef = 80A9AD4C24904DFF002B421F /* JoinViewController+Views.swift */; };
		80A9AD4F24904EA7002B421F /* JoinViewController+Constraints.swift in Sources */ = {isa = PBXBuildFile; fileRef = 80A9AD4E24904EA7002B421F /* JoinViewController+Constraints.swift */; };
		80A9AD5124904EF9002B421F /* JoinViewController+Handlers.swift in Sources */ = {isa = PBXBuildFile; fileRef = 80A9AD5024904EF9002B421F /* JoinViewController+Handlers.swift */; };
		80A9AD532490562E002B421F /* UserViewController+Handlers.swift in Sources */ = {isa = PBXBuildFile; fileRef = 80A9AD522490562E002B421F /* UserViewController+Handlers.swift */; };
		80A9AD552490569C002B421F /* UserViewController+Views.swift in Sources */ = {isa = PBXBuildFile; fileRef = 80A9AD542490569C002B421F /* UserViewController+Views.swift */; };
		E7EB95D71BB2F9F1B9A63062 /* Pods_InAppSupportChatApp.framework in Frameworks */ = {isa = PBXBuildFile; fileRef = 49DF75511CC8F194A7C06121 /* Pods_InAppSupportChatApp.framework */; };
/* End PBXBuildFile section */

/* Begin PBXFileReference section */
		49DF75511CC8F194A7C06121 /* Pods_InAppSupportChatApp.framework */ = {isa = PBXFileReference; explicitFileType = wrapper.framework; includeInIndex = 0; path = Pods_InAppSupportChatApp.framework; sourceTree = BUILT_PRODUCTS_DIR; };
		809013D024900A1F00FD4767 /* String+Random.swift */ = {isa = PBXFileReference; lastKnownFileType = sourcecode.swift; path = "String+Random.swift"; sourceTree = "<group>"; };
		80A4556724887C9200B9D8B7 /* InAppSupportChatApp.app */ = {isa = PBXFileReference; explicitFileType = wrapper.application; includeInIndex = 0; path = InAppSupportChatApp.app; sourceTree = BUILT_PRODUCTS_DIR; };
		80A4556A24887C9200B9D8B7 /* AppDelegate.swift */ = {isa = PBXFileReference; lastKnownFileType = sourcecode.swift; path = AppDelegate.swift; sourceTree = "<group>"; };
		80A4556C24887C9200B9D8B7 /* SceneDelegate.swift */ = {isa = PBXFileReference; lastKnownFileType = sourcecode.swift; path = SceneDelegate.swift; sourceTree = "<group>"; };
		80A4556E24887C9200B9D8B7 /* JoinViewController.swift */ = {isa = PBXFileReference; lastKnownFileType = sourcecode.swift; path = JoinViewController.swift; sourceTree = "<group>"; };
		80A4557124887C9200B9D8B7 /* Base */ = {isa = PBXFileReference; lastKnownFileType = file.storyboard; name = Base; path = Base.lproj/Main.storyboard; sourceTree = "<group>"; };
		80A4557324887C9700B9D8B7 /* Assets.xcassets */ = {isa = PBXFileReference; lastKnownFileType = folder.assetcatalog; path = Assets.xcassets; sourceTree = "<group>"; };
		80A4557624887C9700B9D8B7 /* Base */ = {isa = PBXFileReference; lastKnownFileType = file.storyboard; name = Base; path = Base.lproj/LaunchScreen.storyboard; sourceTree = "<group>"; };
		80A4557824887C9700B9D8B7 /* Info.plist */ = {isa = PBXFileReference; lastKnownFileType = text.plist.xml; path = Info.plist; sourceTree = "<group>"; };
		80A9AD4A24902C1F002B421F /* UserViewController.swift */ = {isa = PBXFileReference; lastKnownFileType = sourcecode.swift; path = UserViewController.swift; sourceTree = "<group>"; };
		80A9AD4C24904DFF002B421F /* JoinViewController+Views.swift */ = {isa = PBXFileReference; lastKnownFileType = sourcecode.swift; path = "JoinViewController+Views.swift"; sourceTree = "<group>"; };
		80A9AD4E24904EA7002B421F /* JoinViewController+Constraints.swift */ = {isa = PBXFileReference; lastKnownFileType = sourcecode.swift; path = "JoinViewController+Constraints.swift"; sourceTree = "<group>"; };
		80A9AD5024904EF9002B421F /* JoinViewController+Handlers.swift */ = {isa = PBXFileReference; lastKnownFileType = sourcecode.swift; path = "JoinViewController+Handlers.swift"; sourceTree = "<group>"; };
		80A9AD522490562E002B421F /* UserViewController+Handlers.swift */ = {isa = PBXFileReference; lastKnownFileType = sourcecode.swift; path = "UserViewController+Handlers.swift"; sourceTree = "<group>"; };
		80A9AD542490569C002B421F /* UserViewController+Views.swift */ = {isa = PBXFileReference; lastKnownFileType = sourcecode.swift; path = "UserViewController+Views.swift"; sourceTree = "<group>"; };
		93BEE65E563D8E9118F80F36 /* Pods-InAppSupportChatApp.debug.xcconfig */ = {isa = PBXFileReference; includeInIndex = 1; lastKnownFileType = text.xcconfig; name = "Pods-InAppSupportChatApp.debug.xcconfig"; path = "Target Support Files/Pods-InAppSupportChatApp/Pods-InAppSupportChatApp.debug.xcconfig"; sourceTree = "<group>"; };
		B3BDDE7AF93C64D91498596E /* Pods-InAppSupportChatApp.release.xcconfig */ = {isa = PBXFileReference; includeInIndex = 1; lastKnownFileType = text.xcconfig; name = "Pods-InAppSupportChatApp.release.xcconfig"; path = "Target Support Files/Pods-InAppSupportChatApp/Pods-InAppSupportChatApp.release.xcconfig"; sourceTree = "<group>"; };
/* End PBXFileReference section */

/* Begin PBXFrameworksBuildPhase section */
		80A4556424887C9200B9D8B7 /* Frameworks */ = {
			isa = PBXFrameworksBuildPhase;
			buildActionMask = 2147483647;
			files = (
				E7EB95D71BB2F9F1B9A63062 /* Pods_InAppSupportChatApp.framework in Frameworks */,
			);
			runOnlyForDeploymentPostprocessing = 0;
		};
/* End PBXFrameworksBuildPhase section */

/* Begin PBXGroup section */
		07BD5ED5D34DC618132F11A9 /* Frameworks */ = {
			isa = PBXGroup;
			children = (
				49DF75511CC8F194A7C06121 /* Pods_InAppSupportChatApp.framework */,
			);
			name = Frameworks;
			sourceTree = "<group>";
		};
		65E185553CD32D0AD5B8B855 /* Pods */ = {
			isa = PBXGroup;
			children = (
				93BEE65E563D8E9118F80F36 /* Pods-InAppSupportChatApp.debug.xcconfig */,
				B3BDDE7AF93C64D91498596E /* Pods-InAppSupportChatApp.release.xcconfig */,
			);
			path = Pods;
			sourceTree = "<group>";
		};
		80A4555E24887C9200B9D8B7 = {
			isa = PBXGroup;
			children = (
				80A4556924887C9200B9D8B7 /* InAppSupportChatApp */,
				80A4556824887C9200B9D8B7 /* Products */,
				65E185553CD32D0AD5B8B855 /* Pods */,
				07BD5ED5D34DC618132F11A9 /* Frameworks */,
			);
			sourceTree = "<group>";
		};
		80A4556824887C9200B9D8B7 /* Products */ = {
			isa = PBXGroup;
			children = (
				80A4556724887C9200B9D8B7 /* InAppSupportChatApp.app */,
			);
			name = Products;
			sourceTree = "<group>";
		};
		80A4556924887C9200B9D8B7 /* InAppSupportChatApp */ = {
			isa = PBXGroup;
			children = (
				80A4556A24887C9200B9D8B7 /* AppDelegate.swift */,
				80A4556C24887C9200B9D8B7 /* SceneDelegate.swift */,
				80A9AD4924902C0E002B421F /* User */,
				80A9AD4824902BFB002B421F /* Join */,
				809013D024900A1F00FD4767 /* String+Random.swift */,
				80A4557024887C9200B9D8B7 /* Main.storyboard */,
				80A4557324887C9700B9D8B7 /* Assets.xcassets */,
				80A4557524887C9700B9D8B7 /* LaunchScreen.storyboard */,
				80A4557824887C9700B9D8B7 /* Info.plist */,
			);
			path = InAppSupportChatApp;
			sourceTree = "<group>";
		};
		80A9AD4824902BFB002B421F /* Join */ = {
			isa = PBXGroup;
			children = (
				80A4556E24887C9200B9D8B7 /* JoinViewController.swift */,
				80A9AD4C24904DFF002B421F /* JoinViewController+Views.swift */,
				80A9AD4E24904EA7002B421F /* JoinViewController+Constraints.swift */,
				80A9AD5024904EF9002B421F /* JoinViewController+Handlers.swift */,
			);
			path = Join;
			sourceTree = "<group>";
		};
		80A9AD4924902C0E002B421F /* User */ = {
			isa = PBXGroup;
			children = (
				80A9AD4A24902C1F002B421F /* UserViewController.swift */,
				80A9AD542490569C002B421F /* UserViewController+Views.swift */,
				80A9AD522490562E002B421F /* UserViewController+Handlers.swift */,
			);
			path = User;
			sourceTree = "<group>";
		};
/* End PBXGroup section */

/* Begin PBXNativeTarget section */
		80A4556624887C9200B9D8B7 /* InAppSupportChatApp */ = {
			isa = PBXNativeTarget;
			buildConfigurationList = 80A4557B24887C9700B9D8B7 /* Build configuration list for PBXNativeTarget "InAppSupportChatApp" */;
			buildPhases = (
				77B5836788AE7EB841BA7A7C /* [CP] Check Pods Manifest.lock */,
				80A4556324887C9200B9D8B7 /* Sources */,
				80A4556424887C9200B9D8B7 /* Frameworks */,
				80A4556524887C9200B9D8B7 /* Resources */,
				1C540857A3ED72AE99C4F25C /* [CP] Embed Pods Frameworks */,
			);
			buildRules = (
			);
			dependencies = (
			);
			name = InAppSupportChatApp;
			productName = InAppSupportChatApp;
			productReference = 80A4556724887C9200B9D8B7 /* InAppSupportChatApp.app */;
			productType = "com.apple.product-type.application";
		};
/* End PBXNativeTarget section */

/* Begin PBXProject section */
		80A4555F24887C9200B9D8B7 /* Project object */ = {
			isa = PBXProject;
			attributes = {
				LastSwiftUpdateCheck = 1150;
				LastUpgradeCheck = 1150;
				ORGANIZATIONNAME = Stream;
				TargetAttributes = {
					80A4556624887C9200B9D8B7 = {
						CreatedOnToolsVersion = 11.5;
					};
				};
			};
			buildConfigurationList = 80A4556224887C9200B9D8B7 /* Build configuration list for PBXProject "InAppSupportChatApp" */;
			compatibilityVersion = "Xcode 9.3";
			developmentRegion = en;
			hasScannedForEncodings = 0;
			knownRegions = (
				en,
				Base,
			);
			mainGroup = 80A4555E24887C9200B9D8B7;
			productRefGroup = 80A4556824887C9200B9D8B7 /* Products */;
			projectDirPath = "";
			projectRoot = "";
			targets = (
				80A4556624887C9200B9D8B7 /* InAppSupportChatApp */,
			);
		};
/* End PBXProject section */

/* Begin PBXResourcesBuildPhase section */
		80A4556524887C9200B9D8B7 /* Resources */ = {
			isa = PBXResourcesBuildPhase;
			buildActionMask = 2147483647;
			files = (
				80A4557724887C9700B9D8B7 /* LaunchScreen.storyboard in Resources */,
				80A4557424887C9700B9D8B7 /* Assets.xcassets in Resources */,
				80A4557224887C9200B9D8B7 /* Main.storyboard in Resources */,
			);
			runOnlyForDeploymentPostprocessing = 0;
		};
/* End PBXResourcesBuildPhase section */

/* Begin PBXShellScriptBuildPhase section */
		1C540857A3ED72AE99C4F25C /* [CP] Embed Pods Frameworks */ = {
			isa = PBXShellScriptBuildPhase;
			buildActionMask = 2147483647;
			files = (
			);
			inputFileListPaths = (
				"${PODS_ROOT}/Target Support Files/Pods-InAppSupportChatApp/Pods-InAppSupportChatApp-frameworks-${CONFIGURATION}-input-files.xcfilelist",
			);
			name = "[CP] Embed Pods Frameworks";
			outputFileListPaths = (
				"${PODS_ROOT}/Target Support Files/Pods-InAppSupportChatApp/Pods-InAppSupportChatApp-frameworks-${CONFIGURATION}-output-files.xcfilelist",
			);
			runOnlyForDeploymentPostprocessing = 0;
			shellPath = /bin/sh;
			shellScript = "\"${PODS_ROOT}/Target Support Files/Pods-InAppSupportChatApp/Pods-InAppSupportChatApp-frameworks.sh\"\n";
			showEnvVarsInLog = 0;
		};
		77B5836788AE7EB841BA7A7C /* [CP] Check Pods Manifest.lock */ = {
			isa = PBXShellScriptBuildPhase;
			buildActionMask = 2147483647;
			files = (
			);
			inputFileListPaths = (
			);
			inputPaths = (
				"${PODS_PODFILE_DIR_PATH}/Podfile.lock",
				"${PODS_ROOT}/Manifest.lock",
			);
			name = "[CP] Check Pods Manifest.lock";
			outputFileListPaths = (
			);
			outputPaths = (
				"$(DERIVED_FILE_DIR)/Pods-InAppSupportChatApp-checkManifestLockResult.txt",
			);
			runOnlyForDeploymentPostprocessing = 0;
			shellPath = /bin/sh;
			shellScript = "diff \"${PODS_PODFILE_DIR_PATH}/Podfile.lock\" \"${PODS_ROOT}/Manifest.lock\" > /dev/null\nif [ $? != 0 ] ; then\n    # print error to STDERR\n    echo \"error: The sandbox is not in sync with the Podfile.lock. Run 'pod install' or update your CocoaPods installation.\" >&2\n    exit 1\nfi\n# This output is used by Xcode 'outputs' to avoid re-running this script phase.\necho \"SUCCESS\" > \"${SCRIPT_OUTPUT_FILE_0}\"\n";
			showEnvVarsInLog = 0;
		};
/* End PBXShellScriptBuildPhase section */

/* Begin PBXSourcesBuildPhase section */
		80A4556324887C9200B9D8B7 /* Sources */ = {
			isa = PBXSourcesBuildPhase;
			buildActionMask = 2147483647;
			files = (
				80A9AD532490562E002B421F /* UserViewController+Handlers.swift in Sources */,
				80A9AD4B24902C1F002B421F /* UserViewController.swift in Sources */,
				80A9AD552490569C002B421F /* UserViewController+Views.swift in Sources */,
				80A9AD4D24904DFF002B421F /* JoinViewController+Views.swift in Sources */,
				80A4556F24887C9200B9D8B7 /* JoinViewController.swift in Sources */,
				80A9AD4F24904EA7002B421F /* JoinViewController+Constraints.swift in Sources */,
				80A4556B24887C9200B9D8B7 /* AppDelegate.swift in Sources */,
				80A9AD5124904EF9002B421F /* JoinViewController+Handlers.swift in Sources */,
				809013D124900A1F00FD4767 /* String+Random.swift in Sources */,
				80A4556D24887C9200B9D8B7 /* SceneDelegate.swift in Sources */,
			);
			runOnlyForDeploymentPostprocessing = 0;
		};
/* End PBXSourcesBuildPhase section */

/* Begin PBXVariantGroup section */
		80A4557024887C9200B9D8B7 /* Main.storyboard */ = {
			isa = PBXVariantGroup;
			children = (
				80A4557124887C9200B9D8B7 /* Base */,
			);
			name = Main.storyboard;
			sourceTree = "<group>";
		};
		80A4557524887C9700B9D8B7 /* LaunchScreen.storyboard */ = {
			isa = PBXVariantGroup;
			children = (
				80A4557624887C9700B9D8B7 /* Base */,
			);
			name = LaunchScreen.storyboard;
			sourceTree = "<group>";
		};
/* End PBXVariantGroup section */

/* Begin XCBuildConfiguration section */
		80A4557924887C9700B9D8B7 /* Debug */ = {
			isa = XCBuildConfiguration;
			buildSettings = {
				ALWAYS_SEARCH_USER_PATHS = NO;
				CLANG_ANALYZER_NONNULL = YES;
				CLANG_ANALYZER_NUMBER_OBJECT_CONVERSION = YES_AGGRESSIVE;
				CLANG_CXX_LANGUAGE_STANDARD = "gnu++14";
				CLANG_CXX_LIBRARY = "libc++";
				CLANG_ENABLE_MODULES = YES;
				CLANG_ENABLE_OBJC_ARC = YES;
				CLANG_ENABLE_OBJC_WEAK = YES;
				CLANG_WARN_BLOCK_CAPTURE_AUTORELEASING = YES;
				CLANG_WARN_BOOL_CONVERSION = YES;
				CLANG_WARN_COMMA = YES;
				CLANG_WARN_CONSTANT_CONVERSION = YES;
				CLANG_WARN_DEPRECATED_OBJC_IMPLEMENTATIONS = YES;
				CLANG_WARN_DIRECT_OBJC_ISA_USAGE = YES_ERROR;
				CLANG_WARN_DOCUMENTATION_COMMENTS = YES;
				CLANG_WARN_EMPTY_BODY = YES;
				CLANG_WARN_ENUM_CONVERSION = YES;
				CLANG_WARN_INFINITE_RECURSION = YES;
				CLANG_WARN_INT_CONVERSION = YES;
				CLANG_WARN_NON_LITERAL_NULL_CONVERSION = YES;
				CLANG_WARN_OBJC_IMPLICIT_RETAIN_SELF = YES;
				CLANG_WARN_OBJC_LITERAL_CONVERSION = YES;
				CLANG_WARN_OBJC_ROOT_CLASS = YES_ERROR;
				CLANG_WARN_RANGE_LOOP_ANALYSIS = YES;
				CLANG_WARN_STRICT_PROTOTYPES = YES;
				CLANG_WARN_SUSPICIOUS_MOVE = YES;
				CLANG_WARN_UNGUARDED_AVAILABILITY = YES_AGGRESSIVE;
				CLANG_WARN_UNREACHABLE_CODE = YES;
				CLANG_WARN__DUPLICATE_METHOD_MATCH = YES;
				COPY_PHASE_STRIP = NO;
				DEBUG_INFORMATION_FORMAT = dwarf;
				ENABLE_STRICT_OBJC_MSGSEND = YES;
				ENABLE_TESTABILITY = YES;
				GCC_C_LANGUAGE_STANDARD = gnu11;
				GCC_DYNAMIC_NO_PIC = NO;
				GCC_NO_COMMON_BLOCKS = YES;
				GCC_OPTIMIZATION_LEVEL = 0;
				GCC_PREPROCESSOR_DEFINITIONS = (
					"DEBUG=1",
					"$(inherited)",
				);
				GCC_WARN_64_TO_32_BIT_CONVERSION = YES;
				GCC_WARN_ABOUT_RETURN_TYPE = YES_ERROR;
				GCC_WARN_UNDECLARED_SELECTOR = YES;
				GCC_WARN_UNINITIALIZED_AUTOS = YES_AGGRESSIVE;
				GCC_WARN_UNUSED_FUNCTION = YES;
				GCC_WARN_UNUSED_VARIABLE = YES;
				IPHONEOS_DEPLOYMENT_TARGET = 13.5;
				MTL_ENABLE_DEBUG_INFO = INCLUDE_SOURCE;
				MTL_FAST_MATH = YES;
				ONLY_ACTIVE_ARCH = YES;
				SDKROOT = iphoneos;
				SWIFT_ACTIVE_COMPILATION_CONDITIONS = DEBUG;
				SWIFT_OPTIMIZATION_LEVEL = "-Onone";
			};
			name = Debug;
		};
		80A4557A24887C9700B9D8B7 /* Release */ = {
			isa = XCBuildConfiguration;
			buildSettings = {
				ALWAYS_SEARCH_USER_PATHS = NO;
				CLANG_ANALYZER_NONNULL = YES;
				CLANG_ANALYZER_NUMBER_OBJECT_CONVERSION = YES_AGGRESSIVE;
				CLANG_CXX_LANGUAGE_STANDARD = "gnu++14";
				CLANG_CXX_LIBRARY = "libc++";
				CLANG_ENABLE_MODULES = YES;
				CLANG_ENABLE_OBJC_ARC = YES;
				CLANG_ENABLE_OBJC_WEAK = YES;
				CLANG_WARN_BLOCK_CAPTURE_AUTORELEASING = YES;
				CLANG_WARN_BOOL_CONVERSION = YES;
				CLANG_WARN_COMMA = YES;
				CLANG_WARN_CONSTANT_CONVERSION = YES;
				CLANG_WARN_DEPRECATED_OBJC_IMPLEMENTATIONS = YES;
				CLANG_WARN_DIRECT_OBJC_ISA_USAGE = YES_ERROR;
				CLANG_WARN_DOCUMENTATION_COMMENTS = YES;
				CLANG_WARN_EMPTY_BODY = YES;
				CLANG_WARN_ENUM_CONVERSION = YES;
				CLANG_WARN_INFINITE_RECURSION = YES;
				CLANG_WARN_INT_CONVERSION = YES;
				CLANG_WARN_NON_LITERAL_NULL_CONVERSION = YES;
				CLANG_WARN_OBJC_IMPLICIT_RETAIN_SELF = YES;
				CLANG_WARN_OBJC_LITERAL_CONVERSION = YES;
				CLANG_WARN_OBJC_ROOT_CLASS = YES_ERROR;
				CLANG_WARN_RANGE_LOOP_ANALYSIS = YES;
				CLANG_WARN_STRICT_PROTOTYPES = YES;
				CLANG_WARN_SUSPICIOUS_MOVE = YES;
				CLANG_WARN_UNGUARDED_AVAILABILITY = YES_AGGRESSIVE;
				CLANG_WARN_UNREACHABLE_CODE = YES;
				CLANG_WARN__DUPLICATE_METHOD_MATCH = YES;
				COPY_PHASE_STRIP = NO;
				DEBUG_INFORMATION_FORMAT = "dwarf-with-dsym";
				ENABLE_NS_ASSERTIONS = NO;
				ENABLE_STRICT_OBJC_MSGSEND = YES;
				GCC_C_LANGUAGE_STANDARD = gnu11;
				GCC_NO_COMMON_BLOCKS = YES;
				GCC_WARN_64_TO_32_BIT_CONVERSION = YES;
				GCC_WARN_ABOUT_RETURN_TYPE = YES_ERROR;
				GCC_WARN_UNDECLARED_SELECTOR = YES;
				GCC_WARN_UNINITIALIZED_AUTOS = YES_AGGRESSIVE;
				GCC_WARN_UNUSED_FUNCTION = YES;
				GCC_WARN_UNUSED_VARIABLE = YES;
				IPHONEOS_DEPLOYMENT_TARGET = 13.5;
				MTL_ENABLE_DEBUG_INFO = NO;
				MTL_FAST_MATH = YES;
				SDKROOT = iphoneos;
				SWIFT_COMPILATION_MODE = wholemodule;
				SWIFT_OPTIMIZATION_LEVEL = "-O";
				VALIDATE_PRODUCT = YES;
			};
			name = Release;
		};
		80A4557C24887C9700B9D8B7 /* Debug */ = {
			isa = XCBuildConfiguration;
			baseConfigurationReference = 93BEE65E563D8E9118F80F36 /* Pods-InAppSupportChatApp.debug.xcconfig */;
			buildSettings = {
				ASSETCATALOG_COMPILER_APPICON_NAME = AppIcon;
				CODE_SIGN_STYLE = Automatic;
				DEVELOPMENT_TEAM = EHV7XZLAHA;
				INFOPLIST_FILE = InAppSupportChatApp/Info.plist;
				LD_RUNPATH_SEARCH_PATHS = (
					"$(inherited)",
					"@executable_path/Frameworks",
				);
				PRODUCT_BUNDLE_IDENTIFIER = io.stream.devrel.ios.InAppSupportChatApp;
				PRODUCT_NAME = "$(TARGET_NAME)";
				SWIFT_VERSION = 5.0;
				TARGETED_DEVICE_FAMILY = "1,2";
			};
			name = Debug;
		};
		80A4557D24887C9700B9D8B7 /* Release */ = {
			isa = XCBuildConfiguration;
			baseConfigurationReference = B3BDDE7AF93C64D91498596E /* Pods-InAppSupportChatApp.release.xcconfig */;
			buildSettings = {
				ASSETCATALOG_COMPILER_APPICON_NAME = AppIcon;
				CODE_SIGN_STYLE = Automatic;
				DEVELOPMENT_TEAM = EHV7XZLAHA;
				INFOPLIST_FILE = InAppSupportChatApp/Info.plist;
				LD_RUNPATH_SEARCH_PATHS = (
					"$(inherited)",
					"@executable_path/Frameworks",
				);
				PRODUCT_BUNDLE_IDENTIFIER = io.stream.devrel.ios.InAppSupportChatApp;
				PRODUCT_NAME = "$(TARGET_NAME)";
				SWIFT_VERSION = 5.0;
				TARGETED_DEVICE_FAMILY = "1,2";
			};
			name = Release;
		};
/* End XCBuildConfiguration section */

/* Begin XCConfigurationList section */
		80A4556224887C9200B9D8B7 /* Build configuration list for PBXProject "InAppSupportChatApp" */ = {
			isa = XCConfigurationList;
			buildConfigurations = (
				80A4557924887C9700B9D8B7 /* Debug */,
				80A4557A24887C9700B9D8B7 /* Release */,
			);
			defaultConfigurationIsVisible = 0;
			defaultConfigurationName = Release;
		};
		80A4557B24887C9700B9D8B7 /* Build configuration list for PBXNativeTarget "InAppSupportChatApp" */ = {
			isa = XCConfigurationList;
			buildConfigurations = (
				80A4557C24887C9700B9D8B7 /* Debug */,
				80A4557D24887C9700B9D8B7 /* Release */,
			);
			defaultConfigurationIsVisible = 0;
			defaultConfigurationName = Release;
		};
/* End XCConfigurationList section */
	};
	rootObject = 80A4555F24887C9200B9D8B7 /* Project object */;
}
